
Microsoft Visual Studio Solution File, Format Version 12.00
# Visual Studio Version 16
VisualStudioVersion = 16.0.30621.155
MinimumVisualStudioVersion = 10.0.40219.1
Project("{FAE04EC0-301F-11D3-BF4B-00C04F79EFBC}") = "Infinity Scroll", "Infinity Scroll\Infinity Scroll.csproj", "{C69E1D04-0CAE-4E47-9E19-8D38063CA6B4}"
EndProject
Global
	GlobalSection(SolutionConfigurationPlatforms) = preSolution
		Debug|Any CPU = Debug|Any CPU
		Release|Any CPU = Release|Any CPU
	EndGlobalSection
	GlobalSection(ProjectConfigurationPlatforms) = postSolution
		{C69E1D04-0CAE-4E47-9E19-8D38063CA6B4}.Debug|Any CPU.ActiveCfg = Debug|Any CPU
		{C69E1D04-0CAE-4E47-9E19-8D38063CA6B4}.Debug|Any CPU.Build.0 = Debug|Any CPU
		{C69E1D04-0CAE-4E47-9E19-8D38063CA6B4}.Release|Any CPU.ActiveCfg = Release|Any CPU
		{C69E1D04-0CAE-4E47-9E19-8D38063CA6B4}.Release|Any CPU.Build.0 = Release|Any CPU
	EndGlobalSection
	GlobalSection(SolutionProperties) = preSolution
		HideSolutionNode = FALSE
	EndGlobalSection
	GlobalSection(ExtensibilityGlobals) = postSolution
		SolutionGuid = {3A5D26CD-6B98-4127-ABF2-1666EF67B413}
	EndGlobalSection
EndGlobal
